// !$*UTF8*$!
{
	archiveVersion = 1;
	classes = {
	};
	objectVersion = 77;
	objects = {

/* Begin PBXContainerItemProxy section */
		9ABDE8822F12FB5500C42FBD /* PBXContainerItemProxy */ = {
			isa = PBXContainerItemProxy;
			containerPortal = 9ABDE86C2F12FB5500C42FBD /* Project object */;
			proxyType = 1;
			remoteGlobalIDString = 9ABDE8732F12FB5500C42FBD;
			remoteInfo = "Flashcards App";
		};
		9ABDE88C2F12FB5500C42FBD /* PBXContainerItemProxy */ = {
			isa = PBXContainerItemProxy;
			containerPortal = 9ABDE86C2F12FB5500C42FBD /* Project object */;
			proxyType = 1;
			remoteGlobalIDString = 9ABDE8732F12FB5500C42FBD;
			remoteInfo = "Flashcards App";
		};
/* End PBXContainerItemProxy section */

/* Begin PBXFileReference section */
		9ABDE8742F12FB5500C42FBD /* Flashcards App.app */ = {isa = PBXFileReference; explicitFileType = wrapper.application; includeInIndex = 0; path = "Flashcards App.app"; sourceTree = BUILT_PRODUCTS_DIR; };
		9ABDE8812F12FB5500C42FBD /* Flashcards AppTests.xctest */ = {isa = PBXFileReference; explicitFileType = wrapper.cfbundle; includeInIndex = 0; path = "Flashcards AppTests.xctest"; sourceTree = BUILT_PRODUCTS_DIR; };
		9ABDE88B2F12FB5500C42FBD /* Flashcards AppUITests.xctest */ = {isa = PBXFileReference; explicitFileType = wrapper.cfbundle; includeInIndex = 0; path = "Flashcards AppUITests.xctest"; sourceTree = BUILT_PRODUCTS_DIR; };
/* End PBXFileReference section */

/* Begin PBXFileSystemSynchronizedRootGroup section */
		9ABDE8762F12FB5500C42FBD /* Flashcards App */ = {
			isa = PBXFileSystemSynchronizedRootGroup;
			path = "Flashcards App";
			sourceTree = "<group>";
		};
		9ABDE8842F12FB5500C42FBD /* Flashcards AppTests */ = {
			isa = PBXFileSystemSynchronizedRootGroup;
			path = "Flashcards AppTests";
			sourceTree = "<group>";
		};
		9ABDE88E2F12FB5500C42FBD /* Flashcards AppUITests */ = {
			isa = PBXFileSystemSynchronizedRootGroup;
			path = "Flashcards AppUITests";
			sourceTree = "<group>";
		};
		9ABDE8A02F12FC3D00C42FBD /* Models */ = {
			isa = PBXFileSystemSynchronizedRootGroup;
			path = Models;
			sourceTree = "<group>";
		};
		9ABDE8A12F12FC5700C42FBD /* Views */ = {
			isa = PBXFileSystemSynchronizedRootGroup;
			path = Views;
			sourceTree = "<group>";
		};
/* End PBXFileSystemSynchronizedRootGroup section */

/* Begin PBXFrameworksBuildPhase section */
		9ABDE8712F12FB5500C42FBD /* Frameworks */ = {
			isa = PBXFrameworksBuildPhase;
			buildActionMask = 2147483647;
			files = (
			);
			runOnlyForDeploymentPostprocessing = 0;
		};
		9ABDE87E2F12FB5500C42FBD /* Frameworks */ = {
			isa = PBXFrameworksBuildPhase;
			buildActionMask = 2147483647;
			files = (
			);
			runOnlyForDeploymentPostprocessing = 0;
		};
		9ABDE8882F12FB5500C42FBD /* Frameworks */ = {
			isa = PBXFrameworksBuildPhase;
			buildActionMask = 2147483647;
			files = (
			);
			runOnlyForDeploymentPostprocessing = 0;
		};
/* End PBXFrameworksBuildPhase section */

/* Begin PBXGroup section */
		9ABDE86B2F12FB5500C42FBD = {
			isa = PBXGroup;
			children = (
				9ABDE8A12F12FC5700C42FBD /* Views */,
				9ABDE8A02F12FC3D00C42FBD /* Models */,
				9ABDE8762F12FB5500C42FBD /* Flashcards App */,
				9ABDE8842F12FB5500C42FBD /* Flashcards AppTests */,
				9ABDE88E2F12FB5500C42FBD /* Flashcards AppUITests */,
				9ABDE8752F12FB5500C42FBD /* Products */,
			);
			sourceTree = "<group>";
		};
		9ABDE8752F12FB5500C42FBD /* Products */ = {
			isa = PBXGroup;
			children = (
				9ABDE8742F12FB5500C42FBD /* Flashcards App.app */,
				9ABDE8812F12FB5500C42FBD /* Flashcards AppTests.xctest */,
				9ABDE88B2F12FB5500C42FBD /* Flashcards AppUITests.xctest */,
			);
			name = Products;
			sourceTree = "<group>";
		};
/* End PBXGroup section */

/* Begin PBXNativeTarget section */
		9ABDE8732F12FB5500C42FBD /* Flashcards App */ = {
			isa = PBXNativeTarget;
			buildConfigurationList = 9ABDE8952F12FB5500C42FBD /* Build configuration list for PBXNativeTarget "Flashcards App" */;
			buildPhases = (
				9ABDE8702F12FB5500C42FBD /* Sources */,
				9ABDE8712F12FB5500C42FBD /* Frameworks */,
				9ABDE8722F12FB5500C42FBD /* Resources */,
			);
			buildRules = (
			);
			dependencies = (
			);
			fileSystemSynchronizedGroups = (
				9ABDE8762F12FB5500C42FBD /* Flashcards App */,
				9ABDE8A02F12FC3D00C42FBD /* Models */,
				9ABDE8A12F12FC5700C42FBD /* Views */,
			);
			name = "Flashcards App";
			packageProductDependencies = (
			);
			productName = "Flashcards App";
			productReference = 9ABDE8742F12FB5500C42FBD /* Flashcards App.app */;
			productType = "com.apple.product-type.application";
		};
		9ABDE8802F12FB5500C42FBD /* Flashcards AppTests */ = {
			isa = PBXNativeTarget;
			buildConfigurationList = 9ABDE8982F12FB5500C42FBD /* Build configuration list for PBXNativeTarget "Flashcards AppTests" */;
			buildPhases = (
				9ABDE87D2F12FB5500C42FBD /* Sources */,
				9ABDE87E2F12FB5500C42FBD /* Frameworks */,
				9ABDE87F2F12FB5500C42FBD /* Resources */,
			);
			buildRules = (
			);
			dependencies = (
				9ABDE8832F12FB5500C42FBD /* PBXTargetDependency */,
			);
			fileSystemSynchronizedGroups = (
				9ABDE8842F12FB5500C42FBD /* Flashcards AppTests */,
			);
			name = "Flashcards AppTests";
			packageProductDependencies = (
			);
			productName = "Flashcards AppTests";
			productReference = 9ABDE8812F12FB5500C42FBD /* Flashcards AppTests.xctest */;
			productType = "com.apple.product-type.bundle.unit-test";
		};
		9ABDE88A2F12FB5500C42FBD /* Flashcards AppUITests */ = {
			isa = PBXNativeTarget;
			buildConfigurationList = 9ABDE89B2F12FB5500C42FBD /* Build configuration list for PBXNativeTarget "Flashcards AppUITests" */;
			buildPhases = (
				9ABDE8872F12FB5500C42FBD /* Sources */,
				9ABDE8882F12FB5500C42FBD /* Frameworks */,
				9ABDE8892F12FB5500C42FBD /* Resources */,
			);
			buildRules = (
			);
			dependencies = (
				9ABDE88D2F12FB5500C42FBD /* PBXTargetDependency */,
			);
			fileSystemSynchronizedGroups = (
				9ABDE88E2F12FB5500C42FBD /* Flashcards AppUITests */,
			);
			name = "Flashcards AppUITests";
			packageProductDependencies = (
			);
			productName = "Flashcards AppUITests";
			productReference = 9ABDE88B2F12FB5500C42FBD /* Flashcards AppUITests.xctest */;
			productType = "com.apple.product-type.bundle.ui-testing";
		};
/* End PBXNativeTarget section */

/* Begin PBXProject section */
		9ABDE86C2F12FB5500C42FBD /* Project object */ = {
			isa = PBXProject;
			attributes = {
				BuildIndependentTargetsInParallel = 1;
				LastSwiftUpdateCheck = 1640;
				LastUpgradeCheck = 1640;
				TargetAttributes = {
					9ABDE8732F12FB5500C42FBD = {
						CreatedOnToolsVersion = 16.4;
					};
					9ABDE8802F12FB5500C42FBD = {
						CreatedOnToolsVersion = 16.4;
						TestTargetID = 9ABDE8732F12FB5500C42FBD;
					};
					9ABDE88A2F12FB5500C42FBD = {
						CreatedOnToolsVersion = 16.4;
						TestTargetID = 9ABDE8732F12FB5500C42FBD;
					};
				};
			};
			buildConfigurationList = 9ABDE86F2F12FB5500C42FBD /* Build configuration list for PBXProject "Flashcards App" */;
			developmentRegion = en;
			hasScannedForEncodings = 0;
			knownRegions = (
				en,
				Base,
			);
			mainGroup = 9ABDE86B2F12FB5500C42FBD;
			minimizedProjectReferenceProxies = 1;
			preferredProjectObjectVersion = 77;
			productRefGroup = 9ABDE8752F12FB5500C42FBD /* Products */;
			projectDirPath = "";
			projectRoot = "";
			targets = (
				9ABDE8732F12FB5500C42FBD /* Flashcards App */,
				9ABDE8802F12FB5500C42FBD /* Flashcards AppTests */,
				9ABDE88A2F12FB5500C42FBD /* Flashcards AppUITests */,
			);
		};
/* End PBXProject section */

/* Begin PBXResourcesBuildPhase section */
		9ABDE8722F12FB5500C42FBD /* Resources */ = {
			isa = PBXResourcesBuildPhase;
			buildActionMask = 2147483647;
			files = (
			);
			runOnlyForDeploymentPostprocessing = 0;
		};
		9ABDE87F2F12FB5500C42FBD /* Resources */ = {
			isa = PBXResourcesBuildPhase;
			buildActionMask = 2147483647;
			files = (
			);
			runOnlyForDeploymentPostprocessing = 0;
		};
		9ABDE8892F12FB5500C42FBD /* Resources */ = {
			isa = PBXResourcesBuildPhase;
			buildActionMask = 2147483647;
			files = (
			);
			runOnlyForDeploymentPostprocessing = 0;
		};
/* End PBXResourcesBuildPhase section */

/* Begin PBXSourcesBuildPhase section */
		9ABDE8702F12FB5500C42FBD /* Sources */ = {
			isa = PBXSourcesBuildPhase;
			buildActionMask = 2147483647;
			files = (
			);
			runOnlyForDeploymentPostprocessing = 0;
		};
		9ABDE87D2F12FB5500C42FBD /* Sources */ = {
			isa = PBXSourcesBuildPhase;
			buildActionMask = 2147483647;
			files = (
			);
			runOnlyForDeploymentPostprocessing = 0;
		};
		9ABDE8872F12FB5500C42FBD /* Sources */ = {
			isa = PBXSourcesBuildPhase;
			buildActionMask = 2147483647;
			files = (
			);
			runOnlyForDeploymentPostprocessing = 0;
		};
/* End PBXSourcesBuildPhase section */

/* Begin PBXTargetDependency section */
		9ABDE8832F12FB5500C42FBD /* PBXTargetDependency */ = {
			isa = PBXTargetDependency;
			target = 9ABDE8732F12FB5500C42FBD /* Flashcards App */;
			targetProxy = 9ABDE8822F12FB5500C42FBD /* PBXContainerItemProxy */;
		};
		9ABDE88D2F12FB5500C42FBD /* PBXTargetDependency */ = {
			isa = PBXTargetDependency;
			target = 9ABDE8732F12FB5500C42FBD /* Flashcards App */;
			targetProxy = 9ABDE88C2F12FB5500C42FBD /* PBXContainerItemProxy */;
		};
/* End PBXTargetDependency section */

/* Begin XCBuildConfiguration section */
		9ABDE8932F12FB5500C42FBD /* Debug */ = {
			isa = XCBuildConfiguration;
			buildSettings = {
				ALWAYS_SEARCH_USER_PATHS = NO;
				ASSETCATALOG_COMPILER_GENERATE_SWIFT_ASSET_SYMBOL_EXTENSIONS = YES;
				CLANG_ANALYZER_NONNULL = YES;
				CLANG_ANALYZER_NUMBER_OBJECT_CONVERSION = YES_AGGRESSIVE;
				CLANG_CXX_LANGUAGE_STANDARD = "gnu++20";
				CLANG_ENABLE_MODULES = YES;
				CLANG_ENABLE_OBJC_ARC = YES;
				CLANG_ENABLE_OBJC_WEAK = YES;
				CLANG_WARN_BLOCK_CAPTURE_AUTORELEASING = YES;
				CLANG_WARN_BOOL_CONVERSION = YES;
				CLANG_WARN_COMMA = YES;
				CLANG_WARN_CONSTANT_CONVERSION = YES;
				CLANG_WARN_DEPRECATED_OBJC_IMPLEMENTATIONS = YES;
				CLANG_WARN_DIRECT_OBJC_ISA_USAGE = YES_ERROR;
				CLANG_WARN_DOCUMENTATION_COMMENTS = YES;
				CLANG_WARN_EMPTY_BODY = YES;
				CLANG_WARN_ENUM_CONVERSION = YES;
				CLANG_WARN_INFINITE_RECURSION = YES;
				CLANG_WARN_INT_CONVERSION = YES;
				CLANG_WARN_NON_LITERAL_NULL_CONVERSION = YES;
				CLANG_WARN_OBJC_IMPLICIT_RETAIN_SELF = YES;
				CLANG_WARN_OBJC_LITERAL_CONVERSION = YES;
				CLANG_WARN_OBJC_ROOT_CLASS = YES_ERROR;
				CLANG_WARN_QUOTED_INCLUDE_IN_FRAMEWORK_HEADER = YES;
				CLANG_WARN_RANGE_LOOP_ANALYSIS = YES;
				CLANG_WARN_STRICT_PROTOTYPES = YES;
				CLANG_WARN_SUSPICIOUS_MOVE = YES;
				CLANG_WARN_UNGUARDED_AVAILABILITY = YES_AGGRESSIVE;
				CLANG_WARN_UNREACHABLE_CODE = YES;
				CLANG_WARN__DUPLICATE_METHOD_MATCH = YES;
				COPY_PHASE_STRIP = NO;
				DEBUG_INFORMATION_FORMAT = dwarf;
				DEVELOPMENT_TEAM = 7WCP43U9QM;
				ENABLE_STRICT_OBJC_MSGSEND = YES;
				ENABLE_TESTABILITY = YES;
				ENABLE_USER_SCRIPT_SANDBOXING = YES;
				GCC_C_LANGUAGE_STANDARD = gnu17;
				GCC_DYNAMIC_NO_PIC = NO;
				GCC_NO_COMMON_BLOCKS = YES;
				GCC_OPTIMIZATION_LEVEL = 0;
				GCC_PREPROCESSOR_DEFINITIONS = (
					"DEBUG=1",
					"$(inherited)",
				);
				GCC_WARN_64_TO_32_BIT_CONVERSION = YES;
				GCC_WARN_ABOUT_RETURN_TYPE = YES_ERROR;
				GCC_WARN_UNDECLARED_SELECTOR = YES;
				GCC_WARN_UNINITIALIZED_AUTOS = YES_AGGRESSIVE;
				GCC_WARN_UNUSED_FUNCTION = YES;
				GCC_WARN_UNUSED_VARIABLE = YES;
				IPHONEOS_DEPLOYMENT_TARGET = 18.5;
				LOCALIZATION_PREFERS_STRING_CATALOGS = YES;
				MTL_ENABLE_DEBUG_INFO = INCLUDE_SOURCE;
				MTL_FAST_MATH = YES;
				ONLY_ACTIVE_ARCH = YES;
				SDKROOT = iphoneos;
				SWIFT_ACTIVE_COMPILATION_CONDITIONS = "DEBUG $(inherited)";
				SWIFT_OPTIMIZATION_LEVEL = "-Onone";
			};
			name = Debug;
		};
		9ABDE8942F12FB5500C42FBD /* Release */ = {
			isa = XCBuildConfiguration;
			buildSettings = {
				ALWAYS_SEARCH_USER_PATHS = NO;
				ASSETCATALOG_COMPILER_GENERATE_SWIFT_ASSET_SYMBOL_EXTENSIONS = YES;
				CLANG_ANALYZER_NONNULL = YES;
				CLANG_ANALYZER_NUMBER_OBJECT_CONVERSION = YES_AGGRESSIVE;
				CLANG_CXX_LANGUAGE_STANDARD = "gnu++20";
				CLANG_ENABLE_MODULES = YES;
				CLANG_ENABLE_OBJC_ARC = YES;
				CLANG_ENABLE_OBJC_WEAK = YES;
				CLANG_WARN_BLOCK_CAPTURE_AUTORELEASING = YES;
				CLANG_WARN_BOOL_CONVERSION = YES;
				CLANG_WARN_COMMA = YES;
				CLANG_WARN_CONSTANT_CONVERSION = YES;
				CLANG_WARN_DEPRECATED_OBJC_IMPLEMENTATIONS = YES;
				CLANG_WARN_DIRECT_OBJC_ISA_USAGE = YES_ERROR;
				CLANG_WARN_DOCUMENTATION_COMMENTS = YES;
				CLANG_WARN_EMPTY_BODY = YES;
				CLANG_WARN_ENUM_CONVERSION = YES;
				CLANG_WARN_INFINITE_RECURSION = YES;
				CLANG_WARN_INT_CONVERSION = YES;
				CLANG_WARN_NON_LITERAL_NULL_CONVERSION = YES;
				CLANG_WARN_OBJC_IMPLICIT_RETAIN_SELF = YES;
				CLANG_WARN_OBJC_LITERAL_CONVERSION = YES;
				CLANG_WARN_OBJC_ROOT_CLASS = YES_ERROR;
				CLANG_WARN_QUOTED_INCLUDE_IN_FRAMEWORK_HEADER = YES;
				CLANG_WARN_RANGE_LOOP_ANALYSIS = YES;
				CLANG_WARN_STRICT_PROTOTYPES = YES;
				CLANG_WARN_SUSPICIOUS_MOVE = YES;
				CLANG_WARN_UNGUARDED_AVAILABILITY = YES_AGGRESSIVE;
				CLANG_WARN_UNREACHABLE_CODE = YES;
				CLANG_WARN__DUPLICATE_METHOD_MATCH = YES;
				COPY_PHASE_STRIP = NO;
				DEBUG_INFORMATION_FORMAT = "dwarf-with-dsym";
				DEVELOPMENT_TEAM = 7WCP43U9QM;
				ENABLE_NS_ASSERTIONS = NO;
				ENABLE_STRICT_OBJC_MSGSEND = YES;
				ENABLE_USER_SCRIPT_SANDBOXING = YES;
				GCC_C_LANGUAGE_STANDARD = gnu17;
				GCC_NO_COMMON_BLOCKS = YES;
				GCC_WARN_64_TO_32_BIT_CONVERSION = YES;
				GCC_WARN_ABOUT_RETURN_TYPE = YES_ERROR;
				GCC_WARN_UNDECLARED_SELECTOR = YES;
				GCC_WARN_UNINITIALIZED_AUTOS = YES_AGGRESSIVE;
				GCC_WARN_UNUSED_FUNCTION = YES;
				GCC_WARN_UNUSED_VARIABLE = YES;
				IPHONEOS_DEPLOYMENT_TARGET = 18.5;
				LOCALIZATION_PREFERS_STRING_CATALOGS = YES;
				MTL_ENABLE_DEBUG_INFO = NO;
				MTL_FAST_MATH = YES;
				SDKROOT = iphoneos;
				SWIFT_COMPILATION_MODE = wholemodule;
				VALIDATE_PRODUCT = YES;
			};
			name = Release;
		};
		9ABDE8962F12FB5500C42FBD /* Debug */ = {
			isa = XCBuildConfiguration;
			buildSettings = {
				ASSETCATALOG_COMPILER_APPICON_NAME = AppIcon;
				ASSETCATALOG_COMPILER_GLOBAL_ACCENT_COLOR_NAME = AccentColor;
				CODE_SIGN_STYLE = Automatic;
				CURRENT_PROJECT_VERSION = 1;
				DEVELOPMENT_TEAM = 7WCP43U9QM;
				ENABLE_PREVIEWS = YES;
				GENERATE_INFOPLIST_FILE = YES;
				INFOPLIST_KEY_UIApplicationSceneManifest_Generation = YES;
				INFOPLIST_KEY_UIApplicationSupportsIndirectInputEvents = YES;
				INFOPLIST_KEY_UILaunchScreen_Generation = YES;
				INFOPLIST_KEY_UISupportedInterfaceOrientations_iPad = "UIInterfaceOrientationPortrait UIInterfaceOrientationPortraitUpsideDown UIInterfaceOrientationLandscapeLeft UIInterfaceOrientationLandscapeRight";
				INFOPLIST_KEY_UISupportedInterfaceOrientations_iPhone = "UIInterfaceOrientationPortrait UIInterfaceOrientationLandscapeLeft UIInterfaceOrientationLandscapeRight";
				LD_RUNPATH_SEARCH_PATHS = (
					"$(inherited)",
					"@executable_path/Frameworks",
				);
				MARKETING_VERSION = 1.0;
				PRODUCT_BUNDLE_IDENTIFIER = "com.trevorleimer.Flashcards-App";
				PRODUCT_NAME = "$(TARGET_NAME)";
				SWIFT_EMIT_LOC_STRINGS = YES;
				SWIFT_VERSION = 5.0;
				TARGETED_DEVICE_FAMILY = "1,2";
			};
			name = Debug;
		};
		9ABDE8972F12FB5500C42FBD /* Release */ = {
			isa = XCBuildConfiguration;
			buildSettings = {
				ASSETCATALOG_COMPILER_APPICON_NAME = AppIcon;
				ASSETCATALOG_COMPILER_GLOBAL_ACCENT_COLOR_NAME = AccentColor;
				CODE_SIGN_STYLE = Automatic;
				CURRENT_PROJECT_VERSION = 1;
				DEVELOPMENT_TEAM = 7WCP43U9QM;
				ENABLE_PREVIEWS = YES;
				GENERATE_INFOPLIST_FILE = YES;
				INFOPLIST_KEY_UIApplicationSceneManifest_Generation = YES;
				INFOPLIST_KEY_UIApplicationSupportsIndirectInputEvents = YES;
				INFOPLIST_KEY_UILaunchScreen_Generation = YES;
				INFOPLIST_KEY_UISupportedInterfaceOrientations_iPad = "UIInterfaceOrientationPortrait UIInterfaceOrientationPortraitUpsideDown UIInterfaceOrientationLandscapeLeft UIInterfaceOrientationLandscapeRight";
				INFOPLIST_KEY_UISupportedInterfaceOrientations_iPhone = "UIInterfaceOrientationPortrait UIInterfaceOrientationLandscapeLeft UIInterfaceOrientationLandscapeRight";
				LD_RUNPATH_SEARCH_PATHS = (
					"$(inherited)",
					"@executable_path/Frameworks",
				);
				MARKETING_VERSION = 1.0;
				PRODUCT_BUNDLE_IDENTIFIER = "com.trevorleimer.Flashcards-App";
				PRODUCT_NAME = "$(TARGET_NAME)";
				SWIFT_EMIT_LOC_STRINGS = YES;
				SWIFT_VERSION = 5.0;
				TARGETED_DEVICE_FAMILY = "1,2";
			};
			name = Release;
		};
		9ABDE8992F12FB5500C42FBD /* Debug */ = {
			isa = XCBuildConfiguration;
			buildSettings = {
				BUNDLE_LOADER = "$(TEST_HOST)";
				CODE_SIGN_STYLE = Automatic;
				CURRENT_PROJECT_VERSION = 1;
				DEVELOPMENT_TEAM = 7WCP43U9QM;
				GENERATE_INFOPLIST_FILE = YES;
				IPHONEOS_DEPLOYMENT_TARGET = 18.5;
				MARKETING_VERSION = 1.0;
				PRODUCT_BUNDLE_IDENTIFIER = "com.trevorleimer.Flashcards-AppTests";
				PRODUCT_NAME = "$(TARGET_NAME)";
				SWIFT_EMIT_LOC_STRINGS = NO;
				SWIFT_VERSION = 5.0;
				TARGETED_DEVICE_FAMILY = "1,2";
				TEST_HOST = "$(BUILT_PRODUCTS_DIR)/Flashcards App.app/$(BUNDLE_EXECUTABLE_FOLDER_PATH)/Flashcards App";
			};
			name = Debug;
		};
		9ABDE89A2F12FB5500C42FBD /* Release */ = {
			isa = XCBuildConfiguration;
			buildSettings = {
				BUNDLE_LOADER = "$(TEST_HOST)";
				CODE_SIGN_STYLE = Automatic;
				CURRENT_PROJECT_VERSION = 1;
				DEVELOPMENT_TEAM = 7WCP43U9QM;
				GENERATE_INFOPLIST_FILE = YES;
				IPHONEOS_DEPLOYMENT_TARGET = 18.5;
				MARKETING_VERSION = 1.0;
				PRODUCT_BUNDLE_IDENTIFIER = "com.trevorleimer.Flashcards-AppTests";
				PRODUCT_NAME = "$(TARGET_NAME)";
				SWIFT_EMIT_LOC_STRINGS = NO;
				SWIFT_VERSION = 5.0;
				TARGETED_DEVICE_FAMILY = "1,2";
				TEST_HOST = "$(BUILT_PRODUCTS_DIR)/Flashcards App.app/$(BUNDLE_EXECUTABLE_FOLDER_PATH)/Flashcards App";
			};
			name = Release;
		};
		9ABDE89C2F12FB5500C42FBD /* Debug */ = {
			isa = XCBuildConfiguration;
			buildSettings = {
				CODE_SIGN_STYLE = Automatic;
				CURRENT_PROJECT_VERSION = 1;
				DEVELOPMENT_TEAM = 7WCP43U9QM;
				GENERATE_INFOPLIST_FILE = YES;
				MARKETING_VERSION = 1.0;
				PRODUCT_BUNDLE_IDENTIFIER = "com.trevorleimer.Flashcards-AppUITests";
				PRODUCT_NAME = "$(TARGET_NAME)";
				SWIFT_EMIT_LOC_STRINGS = NO;
				SWIFT_VERSION = 5.0;
				TARGETED_DEVICE_FAMILY = "1,2";
				TEST_TARGET_NAME = "Flashcards App";
			};
			name = Debug;
		};
		9ABDE89D2F12FB5500C42FBD /* Release */ = {
			isa = XCBuildConfiguration;
			buildSettings = {
				CODE_SIGN_STYLE = Automatic;
				CURRENT_PROJECT_VERSION = 1;
				DEVELOPMENT_TEAM = 7WCP43U9QM;
				GENERATE_INFOPLIST_FILE = YES;
				MARKETING_VERSION = 1.0;
				PRODUCT_BUNDLE_IDENTIFIER = "com.trevorleimer.Flashcards-AppUITests";
				PRODUCT_NAME = "$(TARGET_NAME)";
				SWIFT_EMIT_LOC_STRINGS = NO;
				SWIFT_VERSION = 5.0;
				TARGETED_DEVICE_FAMILY = "1,2";
				TEST_TARGET_NAME = "Flashcards App";
			};
			name = Release;
		};
/* End XCBuildConfiguration section */

/* Begin XCConfigurationList section */
		9ABDE86F2F12FB5500C42FBD /* Build configuration list for PBXProject "Flashcards App" */ = {
			isa = XCConfigurationList;
			buildConfigurations = (
				9ABDE8932F12FB5500C42FBD /* Debug */,
				9ABDE8942F12FB5500C42FBD /* Release */,
			);
			defaultConfigurationIsVisible = 0;
			defaultConfigurationName = Release;
		};
		9ABDE8952F12FB5500C42FBD /* Build configuration list for PBXNativeTarget "Flashcards App" */ = {
			isa = XCConfigurationList;
			buildConfigurations = (
				9ABDE8962F12FB5500C42FBD /* Debug */,
				9ABDE8972F12FB5500C42FBD /* Release */,
			);
			defaultConfigurationIsVisible = 0;
			defaultConfigurationName = Release;
		};
		9ABDE8982F12FB5500C42FBD /* Build configuration list for PBXNativeTarget "Flashcards AppTests" */ = {
			isa = XCConfigurationList;
			buildConfigurations = (
				9ABDE8992F12FB5500C42FBD /* Debug */,
				9ABDE89A2F12FB5500C42FBD /* Release */,
			);
			defaultConfigurationIsVisible = 0;
			defaultConfigurationName = Release;
		};
		9ABDE89B2F12FB5500C42FBD /* Build configuration list for PBXNativeTarget "Flashcards AppUITests" */ = {
			isa = XCConfigurationList;
			buildConfigurations = (
				9ABDE89C2F12FB5500C42FBD /* Debug */,
				9ABDE89D2F12FB5500C42FBD /* Release */,
			);
			defaultConfigurationIsVisible = 0;
			defaultConfigurationName = Release;
		};
/* End XCConfigurationList section */
	};
	rootObject = 9ABDE86C2F12FB5500C42FBD /* Project object */;
}
